
Microsoft Visual Studio Solution File, Format Version 12.00
# Visual Studio Version 17
VisualStudioVersion = 17.6.33723.286
MinimumVisualStudioVersion = 10.0.40219.1
Project("{FAE04EC0-301F-11D3-BF4B-00C04F79EFBC}") = "ShoeShop", "ShoeShop.csproj", "{6074FB4C-39AD-4E4B-B08B-EF135623D4B0}"
EndProject
Global
	GlobalSection(SolutionConfigurationPlatforms) = preSolution
		Debug|Any CPU = Debug|Any CPU
		Release|Any CPU = Release|Any CPU
	EndGlobalSection
	GlobalSection(ProjectConfigurationPlatforms) = postSolution
		{6074FB4C-39AD-4E4B-B08B-EF135623D4B0}.Debug|Any CPU.ActiveCfg = Debug|Any CPU
		{6074FB4C-39AD-4E4B-B08B-EF135623D4B0}.Debug|Any CPU.Build.0 = Debug|Any CPU
		{6074FB4C-39AD-4E4B-B08B-EF135623D4B0}.Release|Any CPU.ActiveCfg = Release|Any CPU
		{6074FB4C-39AD-4E4B-B08B-EF135623D4B0}.Release|Any CPU.Build.0 = Release|Any CPU
	EndGlobalSection
	GlobalSection(SolutionProperties) = preSolution
		HideSolutionNode = FALSE
	EndGlobalSection
	GlobalSection(ExtensibilityGlobals) = postSolution
		SolutionGuid = {3E387366-E463-4CF1-ADC1-C039D7A8FE0C}
	EndGlobalSection
EndGlobal
